
Microsoft Visual Studio Solution File, Format Version 12.00
# Visual Studio Version 17
VisualStudioVersion = 17.11.35219.272
MinimumVisualStudioVersion = 10.0.40219.1
Project("{FAE04EC0-301F-11D3-BF4B-00C04F79EFBC}") = "CSharp", "CSharp.csproj", "{C29AB7A4-8D1F-4F55-8179-5BAB4C0C240D}"
EndProject
Global
	GlobalSection(SolutionConfigurationPlatforms) = preSolution
		Debug|Any CPU = Debug|Any CPU
		Release|Any CPU = Release|Any CPU
	EndGlobalSection
	GlobalSection(ProjectConfigurationPlatforms) = postSolution
		{C29AB7A4-8D1F-4F55-8179-5BAB4C0C240D}.Debug|Any CPU.ActiveCfg = Debug|Any CPU
		{C29AB7A4-8D1F-4F55-8179-5BAB4C0C240D}.Debug|Any CPU.Build.0 = Debug|Any CPU
		{C29AB7A4-8D1F-4F55-8179-5BAB4C0C240D}.Release|Any CPU.ActiveCfg = Release|Any CPU
		{C29AB7A4-8D1F-4F55-8179-5BAB4C0C240D}.Release|Any CPU.Build.0 = Release|Any CPU
	EndGlobalSection
	GlobalSection(SolutionProperties) = preSolution
		HideSolutionNode = FALSE
	EndGlobalSection
	GlobalSection(ExtensibilityGlobals) = postSolution
		SolutionGuid = {EE2E22CF-9BE6-4277-A931-A0571BD5663C}
	EndGlobalSection
EndGlobal
